{
  "name": "@kmamal/color",
  "version": "0.0.6",
  "lockfileVersion": 2,
  "requires": true,
  "packages": {
    "": {
      "name": "@kmamal/color",
      "version": "0.0.6",
      "license": "MIT",
      "dependencies": {
        "@kmamal/util": "^0.0.73"
      }
    },
    "node_modules/@kmamal/util": {
      "version": "0.0.73",
      "resolved": "https://registry.npmjs.org/@kmamal/util/-/util-0.0.73.tgz",
      "integrity": "sha512-LxvFfUPLzfZRWS65hssyDrZYqip4zlzA2RJThV5kjjaO73emZVbh1ofZ+L5wCl/BEWgWDvVOOAlJFc7JNa8STw=="
    }
  },
  "dependencies": {
    "@kmamal/util": {
      "version": "0.0.73",
      "resolved": "https://registry.npmjs.org/@kmamal/util/-/util-0.0.73.tgz",
      "integrity": "sha512-LxvFfUPLzfZRWS65hssyDrZYqip4zlzA2RJThV5kjjaO73emZVbh1ofZ+L5wCl/BEWgWDvVOOAlJFc7JNa8STw=="
    }
  }
}
